
Microsoft Visual Studio Solution File, Format Version 12.00
# Visual Studio Version 16
VisualStudioVersion = 16.0.31112.23
MinimumVisualStudioVersion = 10.0.40219.1
Project("{FAE04EC0-301F-11D3-BF4B-00C04F79EFBC}") = "StarshipChallenge", "StarshipChallenge.csproj", "{B2319BDD-2777-4829-B66A-BF15CE331FD4}"
EndProject
Global
	GlobalSection(SolutionConfigurationPlatforms) = preSolution
		Debug|Any CPU = Debug|Any CPU
		Release|Any CPU = Release|Any CPU
	EndGlobalSection
	GlobalSection(ProjectConfigurationPlatforms) = postSolution
		{B2319BDD-2777-4829-B66A-BF15CE331FD4}.Debug|Any CPU.ActiveCfg = Debug|Any CPU
		{B2319BDD-2777-4829-B66A-BF15CE331FD4}.Debug|Any CPU.Build.0 = Debug|Any CPU
		{B2319BDD-2777-4829-B66A-BF15CE331FD4}.Release|Any CPU.ActiveCfg = Release|Any CPU
		{B2319BDD-2777-4829-B66A-BF15CE331FD4}.Release|Any CPU.Build.0 = Release|Any CPU
	EndGlobalSection
	GlobalSection(SolutionProperties) = preSolution
		HideSolutionNode = FALSE
	EndGlobalSection
	GlobalSection(ExtensibilityGlobals) = postSolution
		SolutionGuid = {148FC561-46BD-4694-97B8-8B96CE83E3BE}
	EndGlobalSection
EndGlobal
